
Microsoft Visual Studio Solution File, Format Version 12.00
# Visual Studio 15
VisualStudioVersion = 15.0.27004.2005
MinimumVisualStudioVersion = 10.0.40219.1
Project("{FAE04EC0-301F-11D3-BF4B-00C04F79EFBC}") = "Image Manager", "Image Manager\Image Manager.csproj", "{A15F050C-63AD-466C-BEA8-FD5E7EBDDB40}"
EndProject
Global
	GlobalSection(SolutionConfigurationPlatforms) = preSolution
		Debug|Any CPU = Debug|Any CPU
		Release|Any CPU = Release|Any CPU
	EndGlobalSection
	GlobalSection(ProjectConfigurationPlatforms) = postSolution
		{A15F050C-63AD-466C-BEA8-FD5E7EBDDB40}.Debug|Any CPU.ActiveCfg = Debug|Any CPU
		{A15F050C-63AD-466C-BEA8-FD5E7EBDDB40}.Debug|Any CPU.Build.0 = Debug|Any CPU
		{A15F050C-63AD-466C-BEA8-FD5E7EBDDB40}.Release|Any CPU.ActiveCfg = Release|Any CPU
		{A15F050C-63AD-466C-BEA8-FD5E7EBDDB40}.Release|Any CPU.Build.0 = Release|Any CPU
	EndGlobalSection
	GlobalSection(SolutionProperties) = preSolution
		HideSolutionNode = FALSE
	EndGlobalSection
	GlobalSection(ExtensibilityGlobals) = postSolution
		SolutionGuid = {3A401FBB-62BC-481C-9871-42150526C97D}
	EndGlobalSection
EndGlobal
